
Microsoft Visual Studio Solution File, Format Version 12.00
# Visual Studio Version 16
VisualStudioVersion = 16.0.30907.101
MinimumVisualStudioVersion = 10.0.40219.1
Project("{FAE04EC0-301F-11D3-BF4B-00C04F79EFBC}") = "Sample_gRPC_ConsoleApp", "Sample_gRPC_ConsoleApp\Sample_gRPC_ConsoleApp.csproj", "{744AA407-B537-4AD1-86CF-C24F06478FE7}"
EndProject
Global
	GlobalSection(SolutionConfigurationPlatforms) = preSolution
		Debug|Any CPU = Debug|Any CPU
		Release|Any CPU = Release|Any CPU
	EndGlobalSection
	GlobalSection(ProjectConfigurationPlatforms) = postSolution
		{744AA407-B537-4AD1-86CF-C24F06478FE7}.Debug|Any CPU.ActiveCfg = Debug|Any CPU
		{744AA407-B537-4AD1-86CF-C24F06478FE7}.Debug|Any CPU.Build.0 = Debug|Any CPU
		{744AA407-B537-4AD1-86CF-C24F06478FE7}.Release|Any CPU.ActiveCfg = Release|Any CPU
		{744AA407-B537-4AD1-86CF-C24F06478FE7}.Release|Any CPU.Build.0 = Release|Any CPU
	EndGlobalSection
	GlobalSection(SolutionProperties) = preSolution
		HideSolutionNode = FALSE
	EndGlobalSection
	GlobalSection(ExtensibilityGlobals) = postSolution
		SolutionGuid = {C86DC94F-21D7-4B2A-8D14-7FF59768F192}
	EndGlobalSection
EndGlobal
